# This file is automatically @generated by Cargo.
# It is not intended for manual editing.
version = 4

[[package]]
name = "telly-cli"
version = "0.1.0"

[[package]]
name = "telly-core"
version = "0.1.0"

[[package]]
name = "telly-proto"
version = "0.1.0"

[[package]]
name = "telly-server"
version = "0.1.0"
